
Microsoft Visual Studio Solution File, Format Version 12.00
# Visual Studio Version 17
VisualStudioVersion = 17.5.002.0
MinimumVisualStudioVersion = 10.0.40219.1
Project("{9A19103F-16F7-4668-BE54-9A1E7A4F7556}") = "1-criandoSuaPrimeiraApp", "1-criandoSuaPrimeiraApp.csproj", "{95215D90-3FC0-4C5B-82CE-BF17310F3EEE}"
EndProject
Global
	GlobalSection(SolutionConfigurationPlatforms) = preSolution
		Debug|Any CPU = Debug|Any CPU
		Release|Any CPU = Release|Any CPU
	EndGlobalSection
	GlobalSection(ProjectConfigurationPlatforms) = postSolution
		{95215D90-3FC0-4C5B-82CE-BF17310F3EEE}.Debug|Any CPU.ActiveCfg = Debug|Any CPU
		{95215D90-3FC0-4C5B-82CE-BF17310F3EEE}.Debug|Any CPU.Build.0 = Debug|Any CPU
		{95215D90-3FC0-4C5B-82CE-BF17310F3EEE}.Release|Any CPU.ActiveCfg = Release|Any CPU
		{95215D90-3FC0-4C5B-82CE-BF17310F3EEE}.Release|Any CPU.Build.0 = Release|Any CPU
	EndGlobalSection
	GlobalSection(SolutionProperties) = preSolution
		HideSolutionNode = FALSE
	EndGlobalSection
	GlobalSection(ExtensibilityGlobals) = postSolution
		SolutionGuid = {259233D4-8FD5-4E39-9015-772CB9ABF00F}
	EndGlobalSection
EndGlobal
